
Microsoft Visual Studio Solution File, Format Version 12.00
# Visual Studio Version 17
VisualStudioVersion = 17.7.34003.232
MinimumVisualStudioVersion = 10.0.40219.1
Project("{FAE04EC0-301F-11D3-BF4B-00C04F79EFBC}") = "QuizApp", "QuizApp\QuizApp.csproj", "{00B46EE1-723F-4435-A580-A5E445CB718F}"
EndProject
Global
	GlobalSection(SolutionConfigurationPlatforms) = preSolution
		Debug|Any CPU = Debug|Any CPU
		Release|Any CPU = Release|Any CPU
	EndGlobalSection
	GlobalSection(ProjectConfigurationPlatforms) = postSolution
		{00B46EE1-723F-4435-A580-A5E445CB718F}.Debug|Any CPU.ActiveCfg = Debug|Any CPU
		{00B46EE1-723F-4435-A580-A5E445CB718F}.Debug|Any CPU.Build.0 = Debug|Any CPU
		{00B46EE1-723F-4435-A580-A5E445CB718F}.Release|Any CPU.ActiveCfg = Release|Any CPU
		{00B46EE1-723F-4435-A580-A5E445CB718F}.Release|Any CPU.Build.0 = Release|Any CPU
	EndGlobalSection
	GlobalSection(SolutionProperties) = preSolution
		HideSolutionNode = FALSE
	EndGlobalSection
	GlobalSection(ExtensibilityGlobals) = postSolution
		SolutionGuid = {87F02269-E80A-4C67-975F-F87D614842CF}
	EndGlobalSection
EndGlobal
